
Microsoft Visual Studio Solution File, Format Version 12.00
# Visual Studio Version 17
VisualStudioVersion = 17.7.34221.43
MinimumVisualStudioVersion = 10.0.40219.1
Project("{FAE04EC0-301F-11D3-BF4B-00C04F79EFBC}") = "Test", "Test\Test.csproj", "{09E473CD-0DAB-4975-AD82-6BB9E55E0D16}"
EndProject
Global
	GlobalSection(SolutionConfigurationPlatforms) = preSolution
		Debug|Any CPU = Debug|Any CPU
		Release|Any CPU = Release|Any CPU
	EndGlobalSection
	GlobalSection(ProjectConfigurationPlatforms) = postSolution
		{09E473CD-0DAB-4975-AD82-6BB9E55E0D16}.Debug|Any CPU.ActiveCfg = Debug|Any CPU
		{09E473CD-0DAB-4975-AD82-6BB9E55E0D16}.Debug|Any CPU.Build.0 = Debug|Any CPU
		{09E473CD-0DAB-4975-AD82-6BB9E55E0D16}.Release|Any CPU.ActiveCfg = Release|Any CPU
		{09E473CD-0DAB-4975-AD82-6BB9E55E0D16}.Release|Any CPU.Build.0 = Release|Any CPU
	EndGlobalSection
	GlobalSection(SolutionProperties) = preSolution
		HideSolutionNode = FALSE
	EndGlobalSection
	GlobalSection(ExtensibilityGlobals) = postSolution
		SolutionGuid = {8E879353-A4E6-4857-AB35-4032B1C95D43}
	EndGlobalSection
EndGlobal
